
Microsoft Visual Studio Solution File, Format Version 12.00
# Visual Studio Version 17
VisualStudioVersion = 17.0.31903.59
MinimumVisualStudioVersion = 10.0.40219.1
Project("{2150E333-8FDC-42A3-9474-1A3956D46DE8}") = "src", "src", "{D817AB6B-320D-4E84-8392-979E8D1CDF7A}"
EndProject
Project("{FAE04EC0-301F-11D3-BF4B-00C04F79EFBC}") = "AuctionService", "src\AuctionService\AuctionService.csproj", "{29D3DDE8-96AE-47BE-937B-0B8339572178}"
EndProject
Project("{FAE04EC0-301F-11D3-BF4B-00C04F79EFBC}") = "SearchService", "src\SearchService\SearchService.csproj", "{88EA0730-84F0-4D7E-ADA7-D5846FBD04A0}"
EndProject
Project("{FAE04EC0-301F-11D3-BF4B-00C04F79EFBC}") = "Contracts", "src\Contracts\Contracts.csproj", "{663149AC-C5B7-4439-92FE-99A48C2CA5E5}"
EndProject
Global
	GlobalSection(SolutionConfigurationPlatforms) = preSolution
		Debug|Any CPU = Debug|Any CPU
		Release|Any CPU = Release|Any CPU
	EndGlobalSection
	GlobalSection(SolutionProperties) = preSolution
		HideSolutionNode = FALSE
	EndGlobalSection
	GlobalSection(ProjectConfigurationPlatforms) = postSolution
		{29D3DDE8-96AE-47BE-937B-0B8339572178}.Debug|Any CPU.ActiveCfg = Debug|Any CPU
		{29D3DDE8-96AE-47BE-937B-0B8339572178}.Debug|Any CPU.Build.0 = Debug|Any CPU
		{29D3DDE8-96AE-47BE-937B-0B8339572178}.Release|Any CPU.ActiveCfg = Release|Any CPU
		{29D3DDE8-96AE-47BE-937B-0B8339572178}.Release|Any CPU.Build.0 = Release|Any CPU
		{88EA0730-84F0-4D7E-ADA7-D5846FBD04A0}.Debug|Any CPU.ActiveCfg = Debug|Any CPU
		{88EA0730-84F0-4D7E-ADA7-D5846FBD04A0}.Debug|Any CPU.Build.0 = Debug|Any CPU
		{88EA0730-84F0-4D7E-ADA7-D5846FBD04A0}.Release|Any CPU.ActiveCfg = Release|Any CPU
		{88EA0730-84F0-4D7E-ADA7-D5846FBD04A0}.Release|Any CPU.Build.0 = Release|Any CPU
		{663149AC-C5B7-4439-92FE-99A48C2CA5E5}.Debug|Any CPU.ActiveCfg = Debug|Any CPU
		{663149AC-C5B7-4439-92FE-99A48C2CA5E5}.Debug|Any CPU.Build.0 = Debug|Any CPU
		{663149AC-C5B7-4439-92FE-99A48C2CA5E5}.Release|Any CPU.ActiveCfg = Release|Any CPU
		{663149AC-C5B7-4439-92FE-99A48C2CA5E5}.Release|Any CPU.Build.0 = Release|Any CPU
	EndGlobalSection
	GlobalSection(NestedProjects) = preSolution
		{29D3DDE8-96AE-47BE-937B-0B8339572178} = {D817AB6B-320D-4E84-8392-979E8D1CDF7A}
		{88EA0730-84F0-4D7E-ADA7-D5846FBD04A0} = {D817AB6B-320D-4E84-8392-979E8D1CDF7A}
		{663149AC-C5B7-4439-92FE-99A48C2CA5E5} = {D817AB6B-320D-4E84-8392-979E8D1CDF7A}
	EndGlobalSection
EndGlobal
